// !$*UTF8*$!
{
	archiveVersion = 1;
	classes = {
	};
	objectVersion = 50;
	objects = {

/* Begin PBXBuildFile section */
		CC0DD0DF260C059800886727 /* MyTDDAppApp.swift in Sources */ = {isa = PBXBuildFile; fileRef = CC0DD0B6260C059600886727 /* MyTDDAppApp.swift */; };
		CC0DD0E1260C059800886727 /* ContentView.swift in Sources */ = {isa = PBXBuildFile; fileRef = CC0DD0B7260C059600886727 /* ContentView.swift */; };
		CC0DD0E3260C059800886727 /* Assets.xcassets in Resources */ = {isa = PBXBuildFile; fileRef = CC0DD0B8260C059800886727 /* Assets.xcassets */; };
		CC0DD0F9260C069500886727 /* Product.swift in Sources */ = {isa = PBXBuildFile; fileRef = CC0DD0F8260C069500886727 /* Product.swift */; };
		CC0DD147260C09ED00886727 /* ProductTests.swift in Sources */ = {isa = PBXBuildFile; fileRef = CC0DD146260C09ED00886727 /* ProductTests.swift */; };
		CC0DD15F260C0D9A00886727 /* ChartTests.swift in Sources */ = {isa = PBXBuildFile; fileRef = CC0DD15E260C0D9A00886727 /* ChartTests.swift */; };
		CC0DD166260C0E2F00886727 /* Chart.swift in Sources */ = {isa = PBXBuildFile; fileRef = CC0DD165260C0E2F00886727 /* Chart.swift */; };
		CC7E5A32260E9A4200E81389 /* AddProductToChartUseCase.swift in Sources */ = {isa = PBXBuildFile; fileRef = CCEB2BA8260C1167000F0A6A /* AddProductToChartUseCase.swift */; };
		CC7E5A36260E9FFD00E81389 /* AddProductToChartUseCaseTests.swift in Sources */ = {isa = PBXBuildFile; fileRef = CC7E5A35260E9FFD00E81389 /* AddProductToChartUseCaseTests.swift */; };
		CC7E5A41260EA0B200E81389 /* RemoveProductToChartUseCaseTests.swift in Sources */ = {isa = PBXBuildFile; fileRef = CCEB2B9D260C0FE5000F0A6A /* RemoveProductToChartUseCaseTests.swift */; };
		CC7E5A45260EA0C700E81389 /* RemoveProductToChartUseCase.swift in Sources */ = {isa = PBXBuildFile; fileRef = CC7E5A44260EA0C700E81389 /* RemoveProductToChartUseCase.swift */; };
		CCEB2BB5260C11ED000F0A6A /* ChartService.swift in Sources */ = {isa = PBXBuildFile; fileRef = CCEB2BB4260C11ED000F0A6A /* ChartService.swift */; };
		CCEB2BB9260C1262000F0A6A /* ChartServiceTests.swift in Sources */ = {isa = PBXBuildFile; fileRef = CCEB2BB8260C1201000F0A6A /* ChartServiceTests.swift */; };
/* End PBXBuildFile section */

/* Begin PBXContainerItemProxy section */
		CC0DD149260C09ED00886727 /* PBXContainerItemProxy */ = {
			isa = PBXContainerItemProxy;
			containerPortal = CC0DD0B1260C059600886727 /* Project object */;
			proxyType = 1;
			remoteGlobalIDString = CC0DD0BC260C059800886727;
			remoteInfo = "MyTDDApp (iOS)";
		};
/* End PBXContainerItemProxy section */

/* Begin PBXFileReference section */
		CC0DD0B6260C059600886727 /* MyTDDAppApp.swift */ = {isa = PBXFileReference; lastKnownFileType = sourcecode.swift; path = MyTDDAppApp.swift; sourceTree = "<group>"; };
		CC0DD0B7260C059600886727 /* ContentView.swift */ = {isa = PBXFileReference; lastKnownFileType = sourcecode.swift; path = ContentView.swift; sourceTree = "<group>"; };
		CC0DD0B8260C059800886727 /* Assets.xcassets */ = {isa = PBXFileReference; lastKnownFileType = folder.assetcatalog; path = Assets.xcassets; sourceTree = "<group>"; };
		CC0DD0BD260C059800886727 /* MyTDDApp.app */ = {isa = PBXFileReference; explicitFileType = wrapper.application; includeInIndex = 0; path = MyTDDApp.app; sourceTree = BUILT_PRODUCTS_DIR; };
		CC0DD0C0260C059800886727 /* Info.plist */ = {isa = PBXFileReference; lastKnownFileType = text.plist.xml; path = Info.plist; sourceTree = "<group>"; };
		CC0DD0F8260C069500886727 /* Product.swift */ = {isa = PBXFileReference; lastKnownFileType = sourcecode.swift; path = Product.swift; sourceTree = "<group>"; };
		CC0DD144260C09ED00886727 /* MyTDDAppTests.xctest */ = {isa = PBXFileReference; explicitFileType = wrapper.cfbundle; includeInIndex = 0; path = MyTDDAppTests.xctest; sourceTree = BUILT_PRODUCTS_DIR; };
		CC0DD146260C09ED00886727 /* ProductTests.swift */ = {isa = PBXFileReference; lastKnownFileType = sourcecode.swift; path = ProductTests.swift; sourceTree = "<group>"; };
		CC0DD148260C09ED00886727 /* Info.plist */ = {isa = PBXFileReference; lastKnownFileType = text.plist.xml; path = Info.plist; sourceTree = "<group>"; };
		CC0DD15E260C0D9A00886727 /* ChartTests.swift */ = {isa = PBXFileReference; lastKnownFileType = sourcecode.swift; path = ChartTests.swift; sourceTree = "<group>"; };
		CC0DD165260C0E2F00886727 /* Chart.swift */ = {isa = PBXFileReference; lastKnownFileType = sourcecode.swift; path = Chart.swift; sourceTree = "<group>"; };
		CC7E5A35260E9FFD00E81389 /* AddProductToChartUseCaseTests.swift */ = {isa = PBXFileReference; lastKnownFileType = sourcecode.swift; path = AddProductToChartUseCaseTests.swift; sourceTree = "<group>"; };
		CC7E5A44260EA0C700E81389 /* RemoveProductToChartUseCase.swift */ = {isa = PBXFileReference; lastKnownFileType = sourcecode.swift; path = RemoveProductToChartUseCase.swift; sourceTree = "<group>"; };
		CCEB2B9D260C0FE5000F0A6A /* RemoveProductToChartUseCaseTests.swift */ = {isa = PBXFileReference; lastKnownFileType = sourcecode.swift; path = RemoveProductToChartUseCaseTests.swift; sourceTree = "<group>"; };
		CCEB2BA8260C1167000F0A6A /* AddProductToChartUseCase.swift */ = {isa = PBXFileReference; lastKnownFileType = sourcecode.swift; path = AddProductToChartUseCase.swift; sourceTree = "<group>"; };
		CCEB2BB4260C11ED000F0A6A /* ChartService.swift */ = {isa = PBXFileReference; lastKnownFileType = sourcecode.swift; path = ChartService.swift; sourceTree = "<group>"; };
		CCEB2BB8260C1201000F0A6A /* ChartServiceTests.swift */ = {isa = PBXFileReference; lastKnownFileType = sourcecode.swift; path = ChartServiceTests.swift; sourceTree = "<group>"; };
/* End PBXFileReference section */

/* Begin PBXFrameworksBuildPhase section */
		CC0DD0BA260C059800886727 /* Frameworks */ = {
			isa = PBXFrameworksBuildPhase;
			buildActionMask = 2147483647;
			files = (
			);
			runOnlyForDeploymentPostprocessing = 0;
		};
		CC0DD141260C09ED00886727 /* Frameworks */ = {
			isa = PBXFrameworksBuildPhase;
			buildActionMask = 2147483647;
			files = (
			);
			runOnlyForDeploymentPostprocessing = 0;
		};
/* End PBXFrameworksBuildPhase section */

/* Begin PBXGroup section */
		CC0DD0B0260C059600886727 = {
			isa = PBXGroup;
			children = (
				CC0DD0B5260C059600886727 /* Shared */,
				CC0DD0BF260C059800886727 /* iOS */,
				CC0DD145260C09ED00886727 /* MyTDDAppTests */,
				CC0DD0BE260C059800886727 /* Products */,
			);
			sourceTree = "<group>";
		};
		CC0DD0B5260C059600886727 /* Shared */ = {
			isa = PBXGroup;
			children = (
				CCEB2BB2260C11AF000F0A6A /* Service */,
				CC0DD0B6260C059600886727 /* MyTDDAppApp.swift */,
				CCEB2BA7260C1167000F0A6A /* UseCase */,
				CC0DD0F7260C068400886727 /* Model */,
				CC0DD0B7260C059600886727 /* ContentView.swift */,
				CC0DD0B8260C059800886727 /* Assets.xcassets */,
			);
			path = Shared;
			sourceTree = "<group>";
		};
		CC0DD0BE260C059800886727 /* Products */ = {
			isa = PBXGroup;
			children = (
				CC0DD0BD260C059800886727 /* MyTDDApp.app */,
				CC0DD144260C09ED00886727 /* MyTDDAppTests.xctest */,
			);
			name = Products;
			sourceTree = "<group>";
		};
		CC0DD0BF260C059800886727 /* iOS */ = {
			isa = PBXGroup;
			children = (
				CC0DD0C0260C059800886727 /* Info.plist */,
			);
			path = iOS;
			sourceTree = "<group>";
		};
		CC0DD0F7260C068400886727 /* Model */ = {
			isa = PBXGroup;
			children = (
				CC0DD0F8260C069500886727 /* Product.swift */,
				CC0DD165260C0E2F00886727 /* Chart.swift */,
			);
			path = Model;
			sourceTree = "<group>";
		};
		CC0DD145260C09ED00886727 /* MyTDDAppTests */ = {
			isa = PBXGroup;
			children = (
				CCEB2BB1260C119E000F0A6A /* Service */,
				CCEB2B9C260C0F94000F0A6A /* UseCase */,
				CC0DD162260C0D9F00886727 /* Model */,
				CC0DD148260C09ED00886727 /* Info.plist */,
			);
			path = MyTDDAppTests;
			sourceTree = "<group>";
		};
		CC0DD162260C0D9F00886727 /* Model */ = {
			isa = PBXGroup;
			children = (
				CC0DD146260C09ED00886727 /* ProductTests.swift */,
				CC0DD15E260C0D9A00886727 /* ChartTests.swift */,
			);
			path = Model;
			sourceTree = "<group>";
		};
		CCEB2B9C260C0F94000F0A6A /* UseCase */ = {
			isa = PBXGroup;
			children = (
				CC7E5A35260E9FFD00E81389 /* AddProductToChartUseCaseTests.swift */,
				CCEB2B9D260C0FE5000F0A6A /* RemoveProductToChartUseCaseTests.swift */,
			);
			path = UseCase;
			sourceTree = "<group>";
		};
		CCEB2BA7260C1167000F0A6A /* UseCase */ = {
			isa = PBXGroup;
			children = (
				CC7E5A44260EA0C700E81389 /* RemoveProductToChartUseCase.swift */,
				CCEB2BA8260C1167000F0A6A /* AddProductToChartUseCase.swift */,
			);
			path = UseCase;
			sourceTree = "<group>";
		};
		CCEB2BB1260C119E000F0A6A /* Service */ = {
			isa = PBXGroup;
			children = (
				CCEB2BB8260C1201000F0A6A /* ChartServiceTests.swift */,
			);
			path = Service;
			sourceTree = "<group>";
		};
		CCEB2BB2260C11AF000F0A6A /* Service */ = {
			isa = PBXGroup;
			children = (
				CCEB2BB4260C11ED000F0A6A /* ChartService.swift */,
			);
			path = Service;
			sourceTree = "<group>";
		};
/* End PBXGroup section */

/* Begin PBXNativeTarget section */
		CC0DD0BC260C059800886727 /* MyTDDApp (iOS) */ = {
			isa = PBXNativeTarget;
			buildConfigurationList = CC0DD0E7260C059800886727 /* Build configuration list for PBXNativeTarget "MyTDDApp (iOS)" */;
			buildPhases = (
				CC0DD0B9260C059800886727 /* Sources */,
				CC0DD0BA260C059800886727 /* Frameworks */,
				CC0DD0BB260C059800886727 /* Resources */,
			);
			buildRules = (
			);
			dependencies = (
			);
			name = "MyTDDApp (iOS)";
			productName = "MyTDDApp (iOS)";
			productReference = CC0DD0BD260C059800886727 /* MyTDDApp.app */;
			productType = "com.apple.product-type.application";
		};
		CC0DD143260C09ED00886727 /* MyTDDAppTests */ = {
			isa = PBXNativeTarget;
			buildConfigurationList = CC0DD14B260C09ED00886727 /* Build configuration list for PBXNativeTarget "MyTDDAppTests" */;
			buildPhases = (
				CC0DD140260C09ED00886727 /* Sources */,
				CC0DD141260C09ED00886727 /* Frameworks */,
				CC0DD142260C09ED00886727 /* Resources */,
			);
			buildRules = (
			);
			dependencies = (
				CC0DD14A260C09ED00886727 /* PBXTargetDependency */,
			);
			name = MyTDDAppTests;
			productName = MyTDDAppTests;
			productReference = CC0DD144260C09ED00886727 /* MyTDDAppTests.xctest */;
			productType = "com.apple.product-type.bundle.unit-test";
		};
/* End PBXNativeTarget section */

/* Begin PBXProject section */
		CC0DD0B1260C059600886727 /* Project object */ = {
			isa = PBXProject;
			attributes = {
				LastSwiftUpdateCheck = 1220;
				LastUpgradeCheck = 1220;
				TargetAttributes = {
					CC0DD0BC260C059800886727 = {
						CreatedOnToolsVersion = 12.2;
					};
					CC0DD143260C09ED00886727 = {
						CreatedOnToolsVersion = 12.2;
						TestTargetID = CC0DD0BC260C059800886727;
					};
				};
			};
			buildConfigurationList = CC0DD0B4260C059600886727 /* Build configuration list for PBXProject "MyTDDApp" */;
			compatibilityVersion = "Xcode 9.3";
			developmentRegion = en;
			hasScannedForEncodings = 0;
			knownRegions = (
				en,
				Base,
			);
			mainGroup = CC0DD0B0260C059600886727;
			productRefGroup = CC0DD0BE260C059800886727 /* Products */;
			projectDirPath = "";
			projectRoot = "";
			targets = (
				CC0DD0BC260C059800886727 /* MyTDDApp (iOS) */,
				CC0DD143260C09ED00886727 /* MyTDDAppTests */,
			);
		};
/* End PBXProject section */

/* Begin PBXResourcesBuildPhase section */
		CC0DD0BB260C059800886727 /* Resources */ = {
			isa = PBXResourcesBuildPhase;
			buildActionMask = 2147483647;
			files = (
				CC0DD0E3260C059800886727 /* Assets.xcassets in Resources */,
			);
			runOnlyForDeploymentPostprocessing = 0;
		};
		CC0DD142260C09ED00886727 /* Resources */ = {
			isa = PBXResourcesBuildPhase;
			buildActionMask = 2147483647;
			files = (
			);
			runOnlyForDeploymentPostprocessing = 0;
		};
/* End PBXResourcesBuildPhase section */

/* Begin PBXSourcesBuildPhase section */
		CC0DD0B9260C059800886727 /* Sources */ = {
			isa = PBXSourcesBuildPhase;
			buildActionMask = 2147483647;
			files = (
				CCEB2BB5260C11ED000F0A6A /* ChartService.swift in Sources */,
				CC0DD166260C0E2F00886727 /* Chart.swift in Sources */,
				CC0DD0E1260C059800886727 /* ContentView.swift in Sources */,
				CC7E5A32260E9A4200E81389 /* AddProductToChartUseCase.swift in Sources */,
				CC0DD0DF260C059800886727 /* MyTDDAppApp.swift in Sources */,
				CC7E5A45260EA0C700E81389 /* RemoveProductToChartUseCase.swift in Sources */,
				CC0DD0F9260C069500886727 /* Product.swift in Sources */,
			);
			runOnlyForDeploymentPostprocessing = 0;
		};
		CC0DD140260C09ED00886727 /* Sources */ = {
			isa = PBXSourcesBuildPhase;
			buildActionMask = 2147483647;
			files = (
				CCEB2BB9260C1262000F0A6A /* ChartServiceTests.swift in Sources */,
				CC0DD15F260C0D9A00886727 /* ChartTests.swift in Sources */,
				CC0DD147260C09ED00886727 /* ProductTests.swift in Sources */,
				CC7E5A36260E9FFD00E81389 /* AddProductToChartUseCaseTests.swift in Sources */,
				CC7E5A41260EA0B200E81389 /* RemoveProductToChartUseCaseTests.swift in Sources */,
			);
			runOnlyForDeploymentPostprocessing = 0;
		};
/* End PBXSourcesBuildPhase section */

/* Begin PBXTargetDependency section */
		CC0DD14A260C09ED00886727 /* PBXTargetDependency */ = {
			isa = PBXTargetDependency;
			target = CC0DD0BC260C059800886727 /* MyTDDApp (iOS) */;
			targetProxy = CC0DD149260C09ED00886727 /* PBXContainerItemProxy */;
		};
/* End PBXTargetDependency section */

/* Begin XCBuildConfiguration section */
		CC0DD0E5260C059800886727 /* Debug */ = {
			isa = XCBuildConfiguration;
			buildSettings = {
				ALWAYS_SEARCH_USER_PATHS = NO;
				CLANG_ANALYZER_NONNULL = YES;
				CLANG_ANALYZER_NUMBER_OBJECT_CONVERSION = YES_AGGRESSIVE;
				CLANG_CXX_LANGUAGE_STANDARD = "gnu++14";
				CLANG_CXX_LIBRARY = "libc++";
				CLANG_ENABLE_MODULES = YES;
				CLANG_ENABLE_OBJC_ARC = YES;
				CLANG_ENABLE_OBJC_WEAK = YES;
				CLANG_WARN_BLOCK_CAPTURE_AUTORELEASING = YES;
				CLANG_WARN_BOOL_CONVERSION = YES;
				CLANG_WARN_COMMA = YES;
				CLANG_WARN_CONSTANT_CONVERSION = YES;
				CLANG_WARN_DEPRECATED_OBJC_IMPLEMENTATIONS = YES;
				CLANG_WARN_DIRECT_OBJC_ISA_USAGE = YES_ERROR;
				CLANG_WARN_DOCUMENTATION_COMMENTS = YES;
				CLANG_WARN_EMPTY_BODY = YES;
				CLANG_WARN_ENUM_CONVERSION = YES;
				CLANG_WARN_INFINITE_RECURSION = YES;
				CLANG_WARN_INT_CONVERSION = YES;
				CLANG_WARN_NON_LITERAL_NULL_CONVERSION = YES;
				CLANG_WARN_OBJC_IMPLICIT_RETAIN_SELF = YES;
				CLANG_WARN_OBJC_LITERAL_CONVERSION = YES;
				CLANG_WARN_OBJC_ROOT_CLASS = YES_ERROR;
				CLANG_WARN_QUOTED_INCLUDE_IN_FRAMEWORK_HEADER = YES;
				CLANG_WARN_RANGE_LOOP_ANALYSIS = YES;
				CLANG_WARN_STRICT_PROTOTYPES = YES;
				CLANG_WARN_SUSPICIOUS_MOVE = YES;
				CLANG_WARN_UNGUARDED_AVAILABILITY = YES_AGGRESSIVE;
				CLANG_WARN_UNREACHABLE_CODE = YES;
				CLANG_WARN__DUPLICATE_METHOD_MATCH = YES;
				COPY_PHASE_STRIP = NO;
				DEBUG_INFORMATION_FORMAT = dwarf;
				ENABLE_STRICT_OBJC_MSGSEND = YES;
				ENABLE_TESTABILITY = YES;
				GCC_C_LANGUAGE_STANDARD = gnu11;
				GCC_DYNAMIC_NO_PIC = NO;
				GCC_NO_COMMON_BLOCKS = YES;
				GCC_OPTIMIZATION_LEVEL = 0;
				GCC_PREPROCESSOR_DEFINITIONS = (
					"DEBUG=1",
					"$(inherited)",
				);
				GCC_WARN_64_TO_32_BIT_CONVERSION = YES;
				GCC_WARN_ABOUT_RETURN_TYPE = YES_ERROR;
				GCC_WARN_UNDECLARED_SELECTOR = YES;
				GCC_WARN_UNINITIALIZED_AUTOS = YES_AGGRESSIVE;
				GCC_WARN_UNUSED_FUNCTION = YES;
				GCC_WARN_UNUSED_VARIABLE = YES;
				MTL_ENABLE_DEBUG_INFO = INCLUDE_SOURCE;
				MTL_FAST_MATH = YES;
				ONLY_ACTIVE_ARCH = YES;
				SWIFT_ACTIVE_COMPILATION_CONDITIONS = DEBUG;
				SWIFT_OPTIMIZATION_LEVEL = "-Onone";
			};
			name = Debug;
		};
		CC0DD0E6260C059800886727 /* Release */ = {
			isa = XCBuildConfiguration;
			buildSettings = {
				ALWAYS_SEARCH_USER_PATHS = NO;
				CLANG_ANALYZER_NONNULL = YES;
				CLANG_ANALYZER_NUMBER_OBJECT_CONVERSION = YES_AGGRESSIVE;
				CLANG_CXX_LANGUAGE_STANDARD = "gnu++14";
				CLANG_CXX_LIBRARY = "libc++";
				CLANG_ENABLE_MODULES = YES;
				CLANG_ENABLE_OBJC_ARC = YES;
				CLANG_ENABLE_OBJC_WEAK = YES;
				CLANG_WARN_BLOCK_CAPTURE_AUTORELEASING = YES;
				CLANG_WARN_BOOL_CONVERSION = YES;
				CLANG_WARN_COMMA = YES;
				CLANG_WARN_CONSTANT_CONVERSION = YES;
				CLANG_WARN_DEPRECATED_OBJC_IMPLEMENTATIONS = YES;
				CLANG_WARN_DIRECT_OBJC_ISA_USAGE = YES_ERROR;
				CLANG_WARN_DOCUMENTATION_COMMENTS = YES;
				CLANG_WARN_EMPTY_BODY = YES;
				CLANG_WARN_ENUM_CONVERSION = YES;
				CLANG_WARN_INFINITE_RECURSION = YES;
				CLANG_WARN_INT_CONVERSION = YES;
				CLANG_WARN_NON_LITERAL_NULL_CONVERSION = YES;
				CLANG_WARN_OBJC_IMPLICIT_RETAIN_SELF = YES;
				CLANG_WARN_OBJC_LITERAL_CONVERSION = YES;
				CLANG_WARN_OBJC_ROOT_CLASS = YES_ERROR;
				CLANG_WARN_QUOTED_INCLUDE_IN_FRAMEWORK_HEADER = YES;
				CLANG_WARN_RANGE_LOOP_ANALYSIS = YES;
				CLANG_WARN_STRICT_PROTOTYPES = YES;
				CLANG_WARN_SUSPICIOUS_MOVE = YES;
				CLANG_WARN_UNGUARDED_AVAILABILITY = YES_AGGRESSIVE;
				CLANG_WARN_UNREACHABLE_CODE = YES;
				CLANG_WARN__DUPLICATE_METHOD_MATCH = YES;
				COPY_PHASE_STRIP = NO;
				DEBUG_INFORMATION_FORMAT = "dwarf-with-dsym";
				ENABLE_NS_ASSERTIONS = NO;
				ENABLE_STRICT_OBJC_MSGSEND = YES;
				GCC_C_LANGUAGE_STANDARD = gnu11;
				GCC_NO_COMMON_BLOCKS = YES;
				GCC_WARN_64_TO_32_BIT_CONVERSION = YES;
				GCC_WARN_ABOUT_RETURN_TYPE = YES_ERROR;
				GCC_WARN_UNDECLARED_SELECTOR = YES;
				GCC_WARN_UNINITIALIZED_AUTOS = YES_AGGRESSIVE;
				GCC_WARN_UNUSED_FUNCTION = YES;
				GCC_WARN_UNUSED_VARIABLE = YES;
				MTL_ENABLE_DEBUG_INFO = NO;
				MTL_FAST_MATH = YES;
				SWIFT_COMPILATION_MODE = wholemodule;
				SWIFT_OPTIMIZATION_LEVEL = "-O";
			};
			name = Release;
		};
		CC0DD0E8260C059800886727 /* Debug */ = {
			isa = XCBuildConfiguration;
			buildSettings = {
				ASSETCATALOG_COMPILER_APPICON_NAME = AppIcon;
				ASSETCATALOG_COMPILER_GLOBAL_ACCENT_COLOR_NAME = AccentColor;
				CODE_SIGN_STYLE = Automatic;
				DEVELOPMENT_TEAM = 66KNLMFJQ2;
				ENABLE_PREVIEWS = YES;
				INFOPLIST_FILE = iOS/Info.plist;
				IPHONEOS_DEPLOYMENT_TARGET = 14.0;
				LD_RUNPATH_SEARCH_PATHS = (
					"$(inherited)",
					"@executable_path/Frameworks",
				);
				PRODUCT_BUNDLE_IDENTIFIER = marcos.vinicius.brito.MyTDDApp;
				PRODUCT_NAME = MyTDDApp;
				SDKROOT = iphoneos;
				SWIFT_VERSION = 5.0;
				TARGETED_DEVICE_FAMILY = "1,2";
			};
			name = Debug;
		};
		CC0DD0E9260C059800886727 /* Release */ = {
			isa = XCBuildConfiguration;
			buildSettings = {
				ASSETCATALOG_COMPILER_APPICON_NAME = AppIcon;
				ASSETCATALOG_COMPILER_GLOBAL_ACCENT_COLOR_NAME = AccentColor;
				CODE_SIGN_STYLE = Automatic;
				DEVELOPMENT_TEAM = 66KNLMFJQ2;
				ENABLE_PREVIEWS = YES;
				INFOPLIST_FILE = iOS/Info.plist;
				IPHONEOS_DEPLOYMENT_TARGET = 14.0;
				LD_RUNPATH_SEARCH_PATHS = (
					"$(inherited)",
					"@executable_path/Frameworks",
				);
				PRODUCT_BUNDLE_IDENTIFIER = marcos.vinicius.brito.MyTDDApp;
				PRODUCT_NAME = MyTDDApp;
				SDKROOT = iphoneos;
				SWIFT_VERSION = 5.0;
				TARGETED_DEVICE_FAMILY = "1,2";
				VALIDATE_PRODUCT = YES;
			};
			name = Release;
		};
		CC0DD14C260C09ED00886727 /* Debug */ = {
			isa = XCBuildConfiguration;
			buildSettings = {
				BUNDLE_LOADER = "$(TEST_HOST)";
				CODE_SIGN_STYLE = Automatic;
				DEVELOPMENT_TEAM = 66KNLMFJQ2;
				INFOPLIST_FILE = MyTDDAppTests/Info.plist;
				IPHONEOS_DEPLOYMENT_TARGET = 14.2;
				LD_RUNPATH_SEARCH_PATHS = (
					"$(inherited)",
					"@executable_path/Frameworks",
					"@loader_path/Frameworks",
				);
				PRODUCT_BUNDLE_IDENTIFIER = marcos.vinicius.brito.MyTDDAppTests;
				PRODUCT_NAME = "$(TARGET_NAME)";
				SDKROOT = iphoneos;
				SWIFT_VERSION = 5.0;
				TARGETED_DEVICE_FAMILY = "1,2";
				TEST_HOST = "$(BUILT_PRODUCTS_DIR)/MyTDDApp.app/MyTDDApp";
			};
			name = Debug;
		};
		CC0DD14D260C09ED00886727 /* Release */ = {
			isa = XCBuildConfiguration;
			buildSettings = {
				BUNDLE_LOADER = "$(TEST_HOST)";
				CODE_SIGN_STYLE = Automatic;
				DEVELOPMENT_TEAM = 66KNLMFJQ2;
				INFOPLIST_FILE = MyTDDAppTests/Info.plist;
				IPHONEOS_DEPLOYMENT_TARGET = 14.2;
				LD_RUNPATH_SEARCH_PATHS = (
					"$(inherited)",
					"@executable_path/Frameworks",
					"@loader_path/Frameworks",
				);
				PRODUCT_BUNDLE_IDENTIFIER = marcos.vinicius.brito.MyTDDAppTests;
				PRODUCT_NAME = "$(TARGET_NAME)";
				SDKROOT = iphoneos;
				SWIFT_VERSION = 5.0;
				TARGETED_DEVICE_FAMILY = "1,2";
				TEST_HOST = "$(BUILT_PRODUCTS_DIR)/MyTDDApp.app/MyTDDApp";
				VALIDATE_PRODUCT = YES;
			};
			name = Release;
		};
/* End XCBuildConfiguration section */

/* Begin XCConfigurationList section */
		CC0DD0B4260C059600886727 /* Build configuration list for PBXProject "MyTDDApp" */ = {
			isa = XCConfigurationList;
			buildConfigurations = (
				CC0DD0E5260C059800886727 /* Debug */,
				CC0DD0E6260C059800886727 /* Release */,
			);
			defaultConfigurationIsVisible = 0;
			defaultConfigurationName = Release;
		};
		CC0DD0E7260C059800886727 /* Build configuration list for PBXNativeTarget "MyTDDApp (iOS)" */ = {
			isa = XCConfigurationList;
			buildConfigurations = (
				CC0DD0E8260C059800886727 /* Debug */,
				CC0DD0E9260C059800886727 /* Release */,
			);
			defaultConfigurationIsVisible = 0;
			defaultConfigurationName = Release;
		};
		CC0DD14B260C09ED00886727 /* Build configuration list for PBXNativeTarget "MyTDDAppTests" */ = {
			isa = XCConfigurationList;
			buildConfigurations = (
				CC0DD14C260C09ED00886727 /* Debug */,
				CC0DD14D260C09ED00886727 /* Release */,
			);
			defaultConfigurationIsVisible = 0;
			defaultConfigurationName = Release;
		};
/* End XCConfigurationList section */
	};
	rootObject = CC0DD0B1260C059600886727 /* Project object */;
}
